
Microsoft Visual Studio Solution File, Format Version 12.00
# Visual Studio Version 17
VisualStudioVersion = 17.14.36327.8 d17.14
MinimumVisualStudioVersion = 10.0.40219.1
Project("{FAE04EC0-301F-11D3-BF4B-00C04F79EFBC}") = "CinemaAbyss.Events", "CinemaAbyss.Events.csproj", "{86B7990A-BAF2-467A-8CDE-1CC24A178B4E}"
EndProject
Global
	GlobalSection(SolutionConfigurationPlatforms) = preSolution
		Debug|Any CPU = Debug|Any CPU
		Release|Any CPU = Release|Any CPU
	EndGlobalSection
	GlobalSection(ProjectConfigurationPlatforms) = postSolution
		{86B7990A-BAF2-467A-8CDE-1CC24A178B4E}.Debug|Any CPU.ActiveCfg = Debug|Any CPU
		{86B7990A-BAF2-467A-8CDE-1CC24A178B4E}.Debug|Any CPU.Build.0 = Debug|Any CPU
		{86B7990A-BAF2-467A-8CDE-1CC24A178B4E}.Release|Any CPU.ActiveCfg = Release|Any CPU
		{86B7990A-BAF2-467A-8CDE-1CC24A178B4E}.Release|Any CPU.Build.0 = Release|Any CPU
	EndGlobalSection
	GlobalSection(SolutionProperties) = preSolution
		HideSolutionNode = FALSE
	EndGlobalSection
	GlobalSection(ExtensibilityGlobals) = postSolution
		SolutionGuid = {C803A6B9-29EE-40D1-B5E9-7D7DB33D5436}
	EndGlobalSection
EndGlobal
